
Microsoft Visual Studio Solution File, Format Version 12.00
# Visual Studio Version 17
VisualStudioVersion = 17.9.34607.119
MinimumVisualStudioVersion = 10.0.40219.1
Project("{00D1A9C2-B5F0-4AF3-8072-F6C62B433612}") = "Database1", "Database1.sqlproj", "{B8212D8B-8DDB-4393-8590-EF78CF5C8D61}"
EndProject
Global
	GlobalSection(SolutionConfigurationPlatforms) = preSolution
		Debug|Any CPU = Debug|Any CPU
		Release|Any CPU = Release|Any CPU
	EndGlobalSection
	GlobalSection(ProjectConfigurationPlatforms) = postSolution
		{B8212D8B-8DDB-4393-8590-EF78CF5C8D61}.Debug|Any CPU.ActiveCfg = Debug|Any CPU
		{B8212D8B-8DDB-4393-8590-EF78CF5C8D61}.Debug|Any CPU.Build.0 = Debug|Any CPU
		{B8212D8B-8DDB-4393-8590-EF78CF5C8D61}.Debug|Any CPU.Deploy.0 = Debug|Any CPU
		{B8212D8B-8DDB-4393-8590-EF78CF5C8D61}.Release|Any CPU.ActiveCfg = Release|Any CPU
		{B8212D8B-8DDB-4393-8590-EF78CF5C8D61}.Release|Any CPU.Build.0 = Release|Any CPU
		{B8212D8B-8DDB-4393-8590-EF78CF5C8D61}.Release|Any CPU.Deploy.0 = Release|Any CPU
	EndGlobalSection
	GlobalSection(SolutionProperties) = preSolution
		HideSolutionNode = FALSE
	EndGlobalSection
	GlobalSection(ExtensibilityGlobals) = postSolution
		SolutionGuid = {E1F4F833-1712-4555-8EEC-75714674C3AF}
	EndGlobalSection
EndGlobal
